// !$*UTF8*$!
{
	archiveVersion = 1;
	classes = {
	};
	objectVersion = 50;
	objects = {

/* Begin PBXBuildFile section */
		A8BFAA8929DAF6A8000A099E /* AppDelegate.swift in Sources */ = {isa = PBXBuildFile; fileRef = A8BFAA8829DAF6A8000A099E /* AppDelegate.swift */; };
		A8BFAA8B29DAF6A8000A099E /* SceneDelegate.swift in Sources */ = {isa = PBXBuildFile; fileRef = A8BFAA8A29DAF6A8000A099E /* SceneDelegate.swift */; };
		A8BFAA8D29DAF6A8000A099E /* ViewController.swift in Sources */ = {isa = PBXBuildFile; fileRef = A8BFAA8C29DAF6A8000A099E /* ViewController.swift */; };
		A8BFAA9029DAF6A8000A099E /* Main.storyboard in Resources */ = {isa = PBXBuildFile; fileRef = A8BFAA8E29DAF6A8000A099E /* Main.storyboard */; };
		A8BFAA9329DAF6A8000A099E /* CoreDataCRUDOperation.xcdatamodeld in Sources */ = {isa = PBXBuildFile; fileRef = A8BFAA9129DAF6A8000A099E /* CoreDataCRUDOperation.xcdatamodeld */; };
		A8BFAA9529DAF6A9000A099E /* Assets.xcassets in Resources */ = {isa = PBXBuildFile; fileRef = A8BFAA9429DAF6A9000A099E /* Assets.xcassets */; };
		A8BFAA9829DAF6A9000A099E /* LaunchScreen.storyboard in Resources */ = {isa = PBXBuildFile; fileRef = A8BFAA9629DAF6A9000A099E /* LaunchScreen.storyboard */; };
		A8BFAAA429DAF7C6000A099E /* CDEmployee+CoreDataClass.swift in Sources */ = {isa = PBXBuildFile; fileRef = A8BFAAA229DAF7C6000A099E /* CDEmployee+CoreDataClass.swift */; };
		A8BFAAA529DAF7C6000A099E /* CDEmployee+CoreDataProperties.swift in Sources */ = {isa = PBXBuildFile; fileRef = A8BFAAA329DAF7C6000A099E /* CDEmployee+CoreDataProperties.swift */; };
		A8BFAAAA29DAF818000A099E /* Employee.swift in Sources */ = {isa = PBXBuildFile; fileRef = A8BFAAA929DAF818000A099E /* Employee.swift */; };
		A8BFAAAE29DAF921000A099E /* PersistentStorage.swift in Sources */ = {isa = PBXBuildFile; fileRef = A8BFAAAD29DAF921000A099E /* PersistentStorage.swift */; };
		A8BFAAB329DAFB17000A099E /* EmployeeDataRepository.swift in Sources */ = {isa = PBXBuildFile; fileRef = A8BFAAB229DAFB17000A099E /* EmployeeDataRepository.swift */; };
		A8BFAAB729DB0608000A099E /* EmployeeManager.swift in Sources */ = {isa = PBXBuildFile; fileRef = A8BFAAB629DB0608000A099E /* EmployeeManager.swift */; };
/* End PBXBuildFile section */

/* Begin PBXFileReference section */
		A8BFAA8529DAF6A8000A099E /* CoreDataCRUDOperation.app */ = {isa = PBXFileReference; explicitFileType = wrapper.application; includeInIndex = 0; path = CoreDataCRUDOperation.app; sourceTree = BUILT_PRODUCTS_DIR; };
		A8BFAA8829DAF6A8000A099E /* AppDelegate.swift */ = {isa = PBXFileReference; lastKnownFileType = sourcecode.swift; path = AppDelegate.swift; sourceTree = "<group>"; };
		A8BFAA8A29DAF6A8000A099E /* SceneDelegate.swift */ = {isa = PBXFileReference; lastKnownFileType = sourcecode.swift; path = SceneDelegate.swift; sourceTree = "<group>"; };
		A8BFAA8C29DAF6A8000A099E /* ViewController.swift */ = {isa = PBXFileReference; lastKnownFileType = sourcecode.swift; path = ViewController.swift; sourceTree = "<group>"; };
		A8BFAA8F29DAF6A8000A099E /* Base */ = {isa = PBXFileReference; lastKnownFileType = file.storyboard; name = Base; path = Base.lproj/Main.storyboard; sourceTree = "<group>"; };
		A8BFAA9229DAF6A8000A099E /* CoreDataCRUDOperation.xcdatamodel */ = {isa = PBXFileReference; lastKnownFileType = wrapper.xcdatamodel; path = CoreDataCRUDOperation.xcdatamodel; sourceTree = "<group>"; };
		A8BFAA9429DAF6A9000A099E /* Assets.xcassets */ = {isa = PBXFileReference; lastKnownFileType = folder.assetcatalog; path = Assets.xcassets; sourceTree = "<group>"; };
		A8BFAA9729DAF6A9000A099E /* Base */ = {isa = PBXFileReference; lastKnownFileType = file.storyboard; name = Base; path = Base.lproj/LaunchScreen.storyboard; sourceTree = "<group>"; };
		A8BFAA9929DAF6A9000A099E /* Info.plist */ = {isa = PBXFileReference; lastKnownFileType = text.plist.xml; path = Info.plist; sourceTree = "<group>"; };
		A8BFAAA229DAF7C6000A099E /* CDEmployee+CoreDataClass.swift */ = {isa = PBXFileReference; lastKnownFileType = sourcecode.swift; path = "CDEmployee+CoreDataClass.swift"; sourceTree = "<group>"; };
		A8BFAAA329DAF7C6000A099E /* CDEmployee+CoreDataProperties.swift */ = {isa = PBXFileReference; lastKnownFileType = sourcecode.swift; path = "CDEmployee+CoreDataProperties.swift"; sourceTree = "<group>"; };
		A8BFAAA929DAF818000A099E /* Employee.swift */ = {isa = PBXFileReference; lastKnownFileType = sourcecode.swift; path = Employee.swift; sourceTree = "<group>"; };
		A8BFAAAD29DAF921000A099E /* PersistentStorage.swift */ = {isa = PBXFileReference; lastKnownFileType = sourcecode.swift; path = PersistentStorage.swift; sourceTree = "<group>"; };
		A8BFAAB229DAFB17000A099E /* EmployeeDataRepository.swift */ = {isa = PBXFileReference; lastKnownFileType = sourcecode.swift; path = EmployeeDataRepository.swift; sourceTree = "<group>"; };
		A8BFAAB629DB0608000A099E /* EmployeeManager.swift */ = {isa = PBXFileReference; lastKnownFileType = sourcecode.swift; path = EmployeeManager.swift; sourceTree = "<group>"; };
/* End PBXFileReference section */

/* Begin PBXFrameworksBuildPhase section */
		A8BFAA8229DAF6A8000A099E /* Frameworks */ = {
			isa = PBXFrameworksBuildPhase;
			buildActionMask = 2147483647;
			files = (
			);
			runOnlyForDeploymentPostprocessing = 0;
		};
/* End PBXFrameworksBuildPhase section */

/* Begin PBXGroup section */
		A8BFAA7C29DAF6A8000A099E = {
			isa = PBXGroup;
			children = (
				A8BFAA8729DAF6A8000A099E /* CoreDataCRUDOperation */,
				A8BFAA8629DAF6A8000A099E /* Products */,
			);
			sourceTree = "<group>";
		};
		A8BFAA8629DAF6A8000A099E /* Products */ = {
			isa = PBXGroup;
			children = (
				A8BFAA8529DAF6A8000A099E /* CoreDataCRUDOperation.app */,
			);
			name = Products;
			sourceTree = "<group>";
		};
		A8BFAA8729DAF6A8000A099E /* CoreDataCRUDOperation */ = {
			isa = PBXGroup;
			children = (
				A8BFAAB529DB05F1000A099E /* Manager */,
				A8BFAAB129DAFAB5000A099E /* Repository */,
				A8BFAAA829DAF807000A099E /* Model */,
				A8BFAAA129DAF794000A099E /* CoreDataSupportFiles */,
				A8BFAA8829DAF6A8000A099E /* AppDelegate.swift */,
				A8BFAA8A29DAF6A8000A099E /* SceneDelegate.swift */,
				A8BFAA8C29DAF6A8000A099E /* ViewController.swift */,
				A8BFAA8E29DAF6A8000A099E /* Main.storyboard */,
				A8BFAA9429DAF6A9000A099E /* Assets.xcassets */,
				A8BFAA9629DAF6A9000A099E /* LaunchScreen.storyboard */,
				A8BFAA9929DAF6A9000A099E /* Info.plist */,
				A8BFAA9129DAF6A8000A099E /* CoreDataCRUDOperation.xcdatamodeld */,
			);
			path = CoreDataCRUDOperation;
			sourceTree = "<group>";
		};
		A8BFAAA129DAF794000A099E /* CoreDataSupportFiles */ = {
			isa = PBXGroup;
			children = (
				A8BFAAA229DAF7C6000A099E /* CDEmployee+CoreDataClass.swift */,
				A8BFAAA329DAF7C6000A099E /* CDEmployee+CoreDataProperties.swift */,
				A8BFAAAD29DAF921000A099E /* PersistentStorage.swift */,
			);
			path = CoreDataSupportFiles;
			sourceTree = "<group>";
		};
		A8BFAAA829DAF807000A099E /* Model */ = {
			isa = PBXGroup;
			children = (
				A8BFAAA929DAF818000A099E /* Employee.swift */,
			);
			path = Model;
			sourceTree = "<group>";
		};
		A8BFAAB129DAFAB5000A099E /* Repository */ = {
			isa = PBXGroup;
			children = (
				A8BFAAB229DAFB17000A099E /* EmployeeDataRepository.swift */,
			);
			path = Repository;
			sourceTree = "<group>";
		};
		A8BFAAB529DB05F1000A099E /* Manager */ = {
			isa = PBXGroup;
			children = (
				A8BFAAB629DB0608000A099E /* EmployeeManager.swift */,
			);
			path = Manager;
			sourceTree = "<group>";
		};
/* End PBXGroup section */

/* Begin PBXNativeTarget section */
		A8BFAA8429DAF6A8000A099E /* CoreDataCRUDOperation */ = {
			isa = PBXNativeTarget;
			buildConfigurationList = A8BFAA9C29DAF6A9000A099E /* Build configuration list for PBXNativeTarget "CoreDataCRUDOperation" */;
			buildPhases = (
				A8BFAA8129DAF6A8000A099E /* Sources */,
				A8BFAA8229DAF6A8000A099E /* Frameworks */,
				A8BFAA8329DAF6A8000A099E /* Resources */,
			);
			buildRules = (
			);
			dependencies = (
			);
			name = CoreDataCRUDOperation;
			productName = CoreDataCRUDOperation;
			productReference = A8BFAA8529DAF6A8000A099E /* CoreDataCRUDOperation.app */;
			productType = "com.apple.product-type.application";
		};
/* End PBXNativeTarget section */

/* Begin PBXProject section */
		A8BFAA7D29DAF6A8000A099E /* Project object */ = {
			isa = PBXProject;
			attributes = {
				LastSwiftUpdateCheck = 1210;
				LastUpgradeCheck = 1210;
				TargetAttributes = {
					A8BFAA8429DAF6A8000A099E = {
						CreatedOnToolsVersion = 12.1;
					};
				};
			};
			buildConfigurationList = A8BFAA8029DAF6A8000A099E /* Build configuration list for PBXProject "CoreDataCRUDOperation" */;
			compatibilityVersion = "Xcode 9.3";
			developmentRegion = en;
			hasScannedForEncodings = 0;
			knownRegions = (
				en,
				Base,
			);
			mainGroup = A8BFAA7C29DAF6A8000A099E;
			productRefGroup = A8BFAA8629DAF6A8000A099E /* Products */;
			projectDirPath = "";
			projectRoot = "";
			targets = (
				A8BFAA8429DAF6A8000A099E /* CoreDataCRUDOperation */,
			);
		};
/* End PBXProject section */

/* Begin PBXResourcesBuildPhase section */
		A8BFAA8329DAF6A8000A099E /* Resources */ = {
			isa = PBXResourcesBuildPhase;
			buildActionMask = 2147483647;
			files = (
				A8BFAA9829DAF6A9000A099E /* LaunchScreen.storyboard in Resources */,
				A8BFAA9529DAF6A9000A099E /* Assets.xcassets in Resources */,
				A8BFAA9029DAF6A8000A099E /* Main.storyboard in Resources */,
			);
			runOnlyForDeploymentPostprocessing = 0;
		};
/* End PBXResourcesBuildPhase section */

/* Begin PBXSourcesBuildPhase section */
		A8BFAA8129DAF6A8000A099E /* Sources */ = {
			isa = PBXSourcesBuildPhase;
			buildActionMask = 2147483647;
			files = (
				A8BFAAAE29DAF921000A099E /* PersistentStorage.swift in Sources */,
				A8BFAA9329DAF6A8000A099E /* CoreDataCRUDOperation.xcdatamodeld in Sources */,
				A8BFAAA429DAF7C6000A099E /* CDEmployee+CoreDataClass.swift in Sources */,
				A8BFAAB729DB0608000A099E /* EmployeeManager.swift in Sources */,
				A8BFAA8D29DAF6A8000A099E /* ViewController.swift in Sources */,
				A8BFAAAA29DAF818000A099E /* Employee.swift in Sources */,
				A8BFAA8929DAF6A8000A099E /* AppDelegate.swift in Sources */,
				A8BFAAA529DAF7C6000A099E /* CDEmployee+CoreDataProperties.swift in Sources */,
				A8BFAA8B29DAF6A8000A099E /* SceneDelegate.swift in Sources */,
				A8BFAAB329DAFB17000A099E /* EmployeeDataRepository.swift in Sources */,
			);
			runOnlyForDeploymentPostprocessing = 0;
		};
/* End PBXSourcesBuildPhase section */

/* Begin PBXVariantGroup section */
		A8BFAA8E29DAF6A8000A099E /* Main.storyboard */ = {
			isa = PBXVariantGroup;
			children = (
				A8BFAA8F29DAF6A8000A099E /* Base */,
			);
			name = Main.storyboard;
			sourceTree = "<group>";
		};
		A8BFAA9629DAF6A9000A099E /* LaunchScreen.storyboard */ = {
			isa = PBXVariantGroup;
			children = (
				A8BFAA9729DAF6A9000A099E /* Base */,
			);
			name = LaunchScreen.storyboard;
			sourceTree = "<group>";
		};
/* End PBXVariantGroup section */

/* Begin XCBuildConfiguration section */
		A8BFAA9A29DAF6A9000A099E /* Debug */ = {
			isa = XCBuildConfiguration;
			buildSettings = {
				ALWAYS_SEARCH_USER_PATHS = NO;
				CLANG_ANALYZER_NONNULL = YES;
				CLANG_ANALYZER_NUMBER_OBJECT_CONVERSION = YES_AGGRESSIVE;
				CLANG_CXX_LANGUAGE_STANDARD = "gnu++14";
				CLANG_CXX_LIBRARY = "libc++";
				CLANG_ENABLE_MODULES = YES;
				CLANG_ENABLE_OBJC_ARC = YES;
				CLANG_ENABLE_OBJC_WEAK = YES;
				CLANG_WARN_BLOCK_CAPTURE_AUTORELEASING = YES;
				CLANG_WARN_BOOL_CONVERSION = YES;
				CLANG_WARN_COMMA = YES;
				CLANG_WARN_CONSTANT_CONVERSION = YES;
				CLANG_WARN_DEPRECATED_OBJC_IMPLEMENTATIONS = YES;
				CLANG_WARN_DIRECT_OBJC_ISA_USAGE = YES_ERROR;
				CLANG_WARN_DOCUMENTATION_COMMENTS = YES;
				CLANG_WARN_EMPTY_BODY = YES;
				CLANG_WARN_ENUM_CONVERSION = YES;
				CLANG_WARN_INFINITE_RECURSION = YES;
				CLANG_WARN_INT_CONVERSION = YES;
				CLANG_WARN_NON_LITERAL_NULL_CONVERSION = YES;
				CLANG_WARN_OBJC_IMPLICIT_RETAIN_SELF = YES;
				CLANG_WARN_OBJC_LITERAL_CONVERSION = YES;
				CLANG_WARN_OBJC_ROOT_CLASS = YES_ERROR;
				CLANG_WARN_QUOTED_INCLUDE_IN_FRAMEWORK_HEADER = YES;
				CLANG_WARN_RANGE_LOOP_ANALYSIS = YES;
				CLANG_WARN_STRICT_PROTOTYPES = YES;
				CLANG_WARN_SUSPICIOUS_MOVE = YES;
				CLANG_WARN_UNGUARDED_AVAILABILITY = YES_AGGRESSIVE;
				CLANG_WARN_UNREACHABLE_CODE = YES;
				CLANG_WARN__DUPLICATE_METHOD_MATCH = YES;
				COPY_PHASE_STRIP = NO;
				DEBUG_INFORMATION_FORMAT = dwarf;
				ENABLE_STRICT_OBJC_MSGSEND = YES;
				ENABLE_TESTABILITY = YES;
				GCC_C_LANGUAGE_STANDARD = gnu11;
				GCC_DYNAMIC_NO_PIC = NO;
				GCC_NO_COMMON_BLOCKS = YES;
				GCC_OPTIMIZATION_LEVEL = 0;
				GCC_PREPROCESSOR_DEFINITIONS = (
					"DEBUG=1",
					"$(inherited)",
				);
				GCC_WARN_64_TO_32_BIT_CONVERSION = YES;
				GCC_WARN_ABOUT_RETURN_TYPE = YES_ERROR;
				GCC_WARN_UNDECLARED_SELECTOR = YES;
				GCC_WARN_UNINITIALIZED_AUTOS = YES_AGGRESSIVE;
				GCC_WARN_UNUSED_FUNCTION = YES;
				GCC_WARN_UNUSED_VARIABLE = YES;
				IPHONEOS_DEPLOYMENT_TARGET = 14.1;
				MTL_ENABLE_DEBUG_INFO = INCLUDE_SOURCE;
				MTL_FAST_MATH = YES;
				ONLY_ACTIVE_ARCH = YES;
				SDKROOT = iphoneos;
				SWIFT_ACTIVE_COMPILATION_CONDITIONS = DEBUG;
				SWIFT_OPTIMIZATION_LEVEL = "-Onone";
			};
			name = Debug;
		};
		A8BFAA9B29DAF6A9000A099E /* Release */ = {
			isa = XCBuildConfiguration;
			buildSettings = {
				ALWAYS_SEARCH_USER_PATHS = NO;
				CLANG_ANALYZER_NONNULL = YES;
				CLANG_ANALYZER_NUMBER_OBJECT_CONVERSION = YES_AGGRESSIVE;
				CLANG_CXX_LANGUAGE_STANDARD = "gnu++14";
				CLANG_CXX_LIBRARY = "libc++";
				CLANG_ENABLE_MODULES = YES;
				CLANG_ENABLE_OBJC_ARC = YES;
				CLANG_ENABLE_OBJC_WEAK = YES;
				CLANG_WARN_BLOCK_CAPTURE_AUTORELEASING = YES;
				CLANG_WARN_BOOL_CONVERSION = YES;
				CLANG_WARN_COMMA = YES;
				CLANG_WARN_CONSTANT_CONVERSION = YES;
				CLANG_WARN_DEPRECATED_OBJC_IMPLEMENTATIONS = YES;
				CLANG_WARN_DIRECT_OBJC_ISA_USAGE = YES_ERROR;
				CLANG_WARN_DOCUMENTATION_COMMENTS = YES;
				CLANG_WARN_EMPTY_BODY = YES;
				CLANG_WARN_ENUM_CONVERSION = YES;
				CLANG_WARN_INFINITE_RECURSION = YES;
				CLANG_WARN_INT_CONVERSION = YES;
				CLANG_WARN_NON_LITERAL_NULL_CONVERSION = YES;
				CLANG_WARN_OBJC_IMPLICIT_RETAIN_SELF = YES;
				CLANG_WARN_OBJC_LITERAL_CONVERSION = YES;
				CLANG_WARN_OBJC_ROOT_CLASS = YES_ERROR;
				CLANG_WARN_QUOTED_INCLUDE_IN_FRAMEWORK_HEADER = YES;
				CLANG_WARN_RANGE_LOOP_ANALYSIS = YES;
				CLANG_WARN_STRICT_PROTOTYPES = YES;
				CLANG_WARN_SUSPICIOUS_MOVE = YES;
				CLANG_WARN_UNGUARDED_AVAILABILITY = YES_AGGRESSIVE;
				CLANG_WARN_UNREACHABLE_CODE = YES;
				CLANG_WARN__DUPLICATE_METHOD_MATCH = YES;
				COPY_PHASE_STRIP = NO;
				DEBUG_INFORMATION_FORMAT = "dwarf-with-dsym";
				ENABLE_NS_ASSERTIONS = NO;
				ENABLE_STRICT_OBJC_MSGSEND = YES;
				GCC_C_LANGUAGE_STANDARD = gnu11;
				GCC_NO_COMMON_BLOCKS = YES;
				GCC_WARN_64_TO_32_BIT_CONVERSION = YES;
				GCC_WARN_ABOUT_RETURN_TYPE = YES_ERROR;
				GCC_WARN_UNDECLARED_SELECTOR = YES;
				GCC_WARN_UNINITIALIZED_AUTOS = YES_AGGRESSIVE;
				GCC_WARN_UNUSED_FUNCTION = YES;
				GCC_WARN_UNUSED_VARIABLE = YES;
				IPHONEOS_DEPLOYMENT_TARGET = 14.1;
				MTL_ENABLE_DEBUG_INFO = NO;
				MTL_FAST_MATH = YES;
				SDKROOT = iphoneos;
				SWIFT_COMPILATION_MODE = wholemodule;
				SWIFT_OPTIMIZATION_LEVEL = "-O";
				VALIDATE_PRODUCT = YES;
			};
			name = Release;
		};
		A8BFAA9D29DAF6A9000A099E /* Debug */ = {
			isa = XCBuildConfiguration;
			buildSettings = {
				ASSETCATALOG_COMPILER_APPICON_NAME = AppIcon;
				ASSETCATALOG_COMPILER_GLOBAL_ACCENT_COLOR_NAME = AccentColor;
				CODE_SIGN_STYLE = Automatic;
				INFOPLIST_FILE = CoreDataCRUDOperation/Info.plist;
				LD_RUNPATH_SEARCH_PATHS = (
					"$(inherited)",
					"@executable_path/Frameworks",
				);
				PRODUCT_BUNDLE_IDENTIFIER = AbhishekChoksi.CoreDataCRUDOperation;
				PRODUCT_NAME = "$(TARGET_NAME)";
				SWIFT_VERSION = 5.0;
				TARGETED_DEVICE_FAMILY = "1,2";
			};
			name = Debug;
		};
		A8BFAA9E29DAF6A9000A099E /* Release */ = {
			isa = XCBuildConfiguration;
			buildSettings = {
				ASSETCATALOG_COMPILER_APPICON_NAME = AppIcon;
				ASSETCATALOG_COMPILER_GLOBAL_ACCENT_COLOR_NAME = AccentColor;
				CODE_SIGN_STYLE = Automatic;
				INFOPLIST_FILE = CoreDataCRUDOperation/Info.plist;
				LD_RUNPATH_SEARCH_PATHS = (
					"$(inherited)",
					"@executable_path/Frameworks",
				);
				PRODUCT_BUNDLE_IDENTIFIER = AbhishekChoksi.CoreDataCRUDOperation;
				PRODUCT_NAME = "$(TARGET_NAME)";
				SWIFT_VERSION = 5.0;
				TARGETED_DEVICE_FAMILY = "1,2";
			};
			name = Release;
		};
/* End XCBuildConfiguration section */

/* Begin XCConfigurationList section */
		A8BFAA8029DAF6A8000A099E /* Build configuration list for PBXProject "CoreDataCRUDOperation" */ = {
			isa = XCConfigurationList;
			buildConfigurations = (
				A8BFAA9A29DAF6A9000A099E /* Debug */,
				A8BFAA9B29DAF6A9000A099E /* Release */,
			);
			defaultConfigurationIsVisible = 0;
			defaultConfigurationName = Release;
		};
		A8BFAA9C29DAF6A9000A099E /* Build configuration list for PBXNativeTarget "CoreDataCRUDOperation" */ = {
			isa = XCConfigurationList;
			buildConfigurations = (
				A8BFAA9D29DAF6A9000A099E /* Debug */,
				A8BFAA9E29DAF6A9000A099E /* Release */,
			);
			defaultConfigurationIsVisible = 0;
			defaultConfigurationName = Release;
		};
/* End XCConfigurationList section */

/* Begin XCVersionGroup section */
		A8BFAA9129DAF6A8000A099E /* CoreDataCRUDOperation.xcdatamodeld */ = {
			isa = XCVersionGroup;
			children = (
				A8BFAA9229DAF6A8000A099E /* CoreDataCRUDOperation.xcdatamodel */,
			);
			currentVersion = A8BFAA9229DAF6A8000A099E /* CoreDataCRUDOperation.xcdatamodel */;
			path = CoreDataCRUDOperation.xcdatamodeld;
			sourceTree = "<group>";
			versionGroupType = wrapper.xcdatamodel;
		};
/* End XCVersionGroup section */
	};
	rootObject = A8BFAA7D29DAF6A8000A099E /* Project object */;
}
